<Solution>
  <Project Path="BlazorAppServerNetCoreTreinamento/BlazorAppServerNetCoreTreinamento.csproj" />
  <Project Path="ConsoleAppNetCoreTreinamento/ConsoleAppNetCoreTreinamento.csproj" />
  <Project Path="WebApplicationAPINetCoreTreinamento/WebApplicationAPINetCoreTreinamento.csproj" />
  <Project Path="WebApplicationMVCNetCoreTreinamento/WebApplicationMVCNetCoreTreinamento.csproj" />
  <Project Path="WebApplicationRazorNetCoreTreinamento/WebApplicationRazorNetCoreTreinamento.csproj" />
  <Project Path="WinFormsAppNetCoreTreinamento/WinFormsAppNetCoreTreinamento.csproj" />
  <Project Path="WpfAppNetCoreTreinamento/WpfAppNetCoreTreinamento.csproj" />
</Solution>
