<Solution>
  <Project Path="BlazorAppServerNetCoreTreinamento/BlazorAppServerNetCoreTreinamento.csproj" />
  <Project Path="ConsoleAppNetCoreTreinamento/ConsoleAppNetCoreTreinamento.csproj" />
  <Project Path="WebApplicationAPIGraphQLNetCoreTreinamento/WebApplicationAPIGraphQLNetCoreTreinamento.csproj" Id="3adeb78f-9118-4a8e-85e2-acf5e7062356" />
  <Project Path="WebApplicationAPINetCoreTreinamento/WebApplicationAPINetCoreTreinamento.csproj" />
  <Project Path="WebApplicationMVCNetCoreTreinamento/WebApplicationMVCNetCoreTreinamento.csproj" />
  <Project Path="WebApplicationRazorNetCoreTreinamento/WebApplicationRazorNetCoreTreinamento.csproj" />
  <Project Path="WinFormsAppNetCoreTreinamento/WinFormsAppNetCoreTreinamento.csproj" />
  <Project Path="WpfAppNetCoreTreinamento/WpfAppNetCoreTreinamento.csproj" />
</Solution>
